
Microsoft Visual Studio Solution File, Format Version 10.00
# Visual Studio 2008
Project("{FAE04EC0-301F-11D3-BF4B-00C04F79EFBC}") = "Soshiant2DEditor", "Soshiant2DEditor.csproj", "{3144543B-4A2B-47E1-A8AE-75B999BD4DA8}"
EndProject
Global
	GlobalSection(SolutionConfigurationPlatforms) = preSolution
		Debug|Any CPU = Debug|Any CPU
		Release|Any CPU = Release|Any CPU
	EndGlobalSection
	GlobalSection(ProjectConfigurationPlatforms) = postSolution
		{3144543B-4A2B-47E1-A8AE-75B999BD4DA8}.Debug|Any CPU.ActiveCfg = Debug|Any CPU
		{3144543B-4A2B-47E1-A8AE-75B999BD4DA8}.Debug|Any CPU.Build.0 = Debug|Any CPU
		{3144543B-4A2B-47E1-A8AE-75B999BD4DA8}.Release|Any CPU.ActiveCfg = Release|Any CPU
		{3144543B-4A2B-47E1-A8AE-75B999BD4DA8}.Release|Any CPU.Build.0 = Release|Any CPU
	EndGlobalSection
	GlobalSection(SolutionProperties) = preSolution
		HideSolutionNode = FALSE
	EndGlobalSection
EndGlobal
